{
  "name": "cc-cli-plugin-image-compressor",
  "version": "1.0.0",
  "lockfileVersion": 1,
  "requires": true,
  "dependencies": {
    "image-compressor-plugin": {
      "version": "1.0.2",
      "resolved": "https://registry.npmjs.org/image-compressor-plugin/-/image-compressor-plugin-1.0.2.tgz",
      "integrity": "sha512-PMU8BAH1PUd60L5SHL3z+N+mldld1mWrgIlsQJZr+oDUJTJH67azyHucaXtwSmOSHERhoKX2w/fE+jOo73D20g==",
      "dev": true,
      "requires": {
        "vue": "^2.5.16"
      }
    },
    "vue": {
      "version": "2.5.16",
      "resolved": "https://registry.npmjs.org/vue/-/vue-2.5.16.tgz",
      "integrity": "sha512-/ffmsiVuPC8PsWcFkZngdpas19ABm5mh2wA7iDqcltyCTwlgZjHGeJYOXkBMo422iPwIcviOtrTCUpSfXmToLQ==",
      "dev": true
    }
  }
}
